// !$*UTF8*$!
{
	archiveVersion = 1;
	classes = {
	};
	objectVersion = 56;
	objects = {

/* Begin PBXBuildFile section */
		5733135C2B73215B00092647 /* AppDelegate.swift in Sources */ = {isa = PBXBuildFile; fileRef = 5733135B2B73215B00092647 /* AppDelegate.swift */; };
		5733135E2B73215B00092647 /* SceneDelegate.swift in Sources */ = {isa = PBXBuildFile; fileRef = 5733135D2B73215B00092647 /* SceneDelegate.swift */; };
		573313602B73215B00092647 /* FeedViewController.swift in Sources */ = {isa = PBXBuildFile; fileRef = 5733135F2B73215B00092647 /* FeedViewController.swift */; };
		573313632B73215B00092647 /* Main.storyboard in Resources */ = {isa = PBXBuildFile; fileRef = 573313612B73215B00092647 /* Main.storyboard */; };
		573313652B73215C00092647 /* Assets.xcassets in Resources */ = {isa = PBXBuildFile; fileRef = 573313642B73215C00092647 /* Assets.xcassets */; };
		573313682B73215C00092647 /* LaunchScreen.storyboard in Resources */ = {isa = PBXBuildFile; fileRef = 573313662B73215C00092647 /* LaunchScreen.storyboard */; };
		57C1715C2B841EC300495720 /* TabBarController.swift in Sources */ = {isa = PBXBuildFile; fileRef = 57C1715B2B841EC300495720 /* TabBarController.swift */; };
		57C1715E2B841EFD00495720 /* NotificationsViewController.swift in Sources */ = {isa = PBXBuildFile; fileRef = 57C1715D2B841EFD00495720 /* NotificationsViewController.swift */; };
		57C171602B841F1600495720 /* ProfileViewController.swift in Sources */ = {isa = PBXBuildFile; fileRef = 57C1715F2B841F1600495720 /* ProfileViewController.swift */; };
		57C171622B84346300495720 /* Highlight.swift in Sources */ = {isa = PBXBuildFile; fileRef = 57C171612B84346300495720 /* Highlight.swift */; };
		57C171652B8437DB00495720 /* Post.swift in Sources */ = {isa = PBXBuildFile; fileRef = 57C171642B8437DB00495720 /* Post.swift */; };
		57C171692B84385300495720 /* Author.swift in Sources */ = {isa = PBXBuildFile; fileRef = 57C171682B84385300495720 /* Author.swift */; };
		57C1716B2B84392F00495720 /* StoryTableViewCell.swift in Sources */ = {isa = PBXBuildFile; fileRef = 57C1716A2B84392F00495720 /* StoryTableViewCell.swift */; };
		57C1716D2B84394700495720 /* PostTableViewCell.swift in Sources */ = {isa = PBXBuildFile; fileRef = 57C1716C2B84394700495720 /* PostTableViewCell.swift */; };
		57C1716F2B84396100495720 /* RecommendationTableViewCell.swift in Sources */ = {isa = PBXBuildFile; fileRef = 57C1716E2B84396100495720 /* RecommendationTableViewCell.swift */; };
		57C171772B84674A00495720 /* DataExamples.swift in Sources */ = {isa = PBXBuildFile; fileRef = 57C171762B84674A00495720 /* DataExamples.swift */; };
		57C171BB2B86E62100495720 /* NotificationSubscription.swift in Sources */ = {isa = PBXBuildFile; fileRef = 57C171BA2B86E62100495720 /* NotificationSubscription.swift */; };
		57C171BD2B86E64600495720 /* NotificationPost.swift in Sources */ = {isa = PBXBuildFile; fileRef = 57C171BC2B86E64600495720 /* NotificationPost.swift */; };
		57C171BF2B86E66400495720 /* NotificationPostViewCell.swift in Sources */ = {isa = PBXBuildFile; fileRef = 57C171BE2B86E66400495720 /* NotificationPostViewCell.swift */; };
		57C171C12B86E67A00495720 /* NotificationSubscriptionViewCell.swift in Sources */ = {isa = PBXBuildFile; fileRef = 57C171C02B86E67A00495720 /* NotificationSubscriptionViewCell.swift */; };
		57C171C32B86E6A100495720 /* Extension+String.swift in Sources */ = {isa = PBXBuildFile; fileRef = 57C171C22B86E6A100495720 /* Extension+String.swift */; };
		57C1722C2B874F3D00495720 /* Profile.swift in Sources */ = {isa = PBXBuildFile; fileRef = 57C1722B2B874F3D00495720 /* Profile.swift */; };
/* End PBXBuildFile section */

/* Begin PBXFileReference section */
		573313582B73215B00092647 /* UIKit-Template.app */ = {isa = PBXFileReference; explicitFileType = wrapper.application; includeInIndex = 0; path = "UIKit-Template.app"; sourceTree = BUILT_PRODUCTS_DIR; };
		5733135B2B73215B00092647 /* AppDelegate.swift */ = {isa = PBXFileReference; lastKnownFileType = sourcecode.swift; path = AppDelegate.swift; sourceTree = "<group>"; };
		5733135D2B73215B00092647 /* SceneDelegate.swift */ = {isa = PBXFileReference; lastKnownFileType = sourcecode.swift; path = SceneDelegate.swift; sourceTree = "<group>"; };
		5733135F2B73215B00092647 /* FeedViewController.swift */ = {isa = PBXFileReference; lastKnownFileType = sourcecode.swift; path = FeedViewController.swift; sourceTree = "<group>"; };
		573313622B73215B00092647 /* Base */ = {isa = PBXFileReference; lastKnownFileType = file.storyboard; name = Base; path = Base.lproj/Main.storyboard; sourceTree = "<group>"; };
		573313642B73215C00092647 /* Assets.xcassets */ = {isa = PBXFileReference; lastKnownFileType = folder.assetcatalog; path = Assets.xcassets; sourceTree = "<group>"; };
		573313672B73215C00092647 /* Base */ = {isa = PBXFileReference; lastKnownFileType = file.storyboard; name = Base; path = Base.lproj/LaunchScreen.storyboard; sourceTree = "<group>"; };
		573313692B73215C00092647 /* Info.plist */ = {isa = PBXFileReference; lastKnownFileType = text.plist.xml; path = Info.plist; sourceTree = "<group>"; };
		57C1715B2B841EC300495720 /* TabBarController.swift */ = {isa = PBXFileReference; lastKnownFileType = sourcecode.swift; path = TabBarController.swift; sourceTree = "<group>"; };
		57C1715D2B841EFD00495720 /* NotificationsViewController.swift */ = {isa = PBXFileReference; lastKnownFileType = sourcecode.swift; path = NotificationsViewController.swift; sourceTree = "<group>"; };
		57C1715F2B841F1600495720 /* ProfileViewController.swift */ = {isa = PBXFileReference; lastKnownFileType = sourcecode.swift; path = ProfileViewController.swift; sourceTree = "<group>"; };
		57C171612B84346300495720 /* Highlight.swift */ = {isa = PBXFileReference; lastKnownFileType = sourcecode.swift; path = Highlight.swift; sourceTree = "<group>"; };
		57C171642B8437DB00495720 /* Post.swift */ = {isa = PBXFileReference; lastKnownFileType = sourcecode.swift; path = Post.swift; sourceTree = "<group>"; };
		57C171682B84385300495720 /* Author.swift */ = {isa = PBXFileReference; lastKnownFileType = sourcecode.swift; path = Author.swift; sourceTree = "<group>"; };
		57C1716A2B84392F00495720 /* StoryTableViewCell.swift */ = {isa = PBXFileReference; lastKnownFileType = sourcecode.swift; path = StoryTableViewCell.swift; sourceTree = "<group>"; };
		57C1716C2B84394700495720 /* PostTableViewCell.swift */ = {isa = PBXFileReference; lastKnownFileType = sourcecode.swift; path = PostTableViewCell.swift; sourceTree = "<group>"; };
		57C1716E2B84396100495720 /* RecommendationTableViewCell.swift */ = {isa = PBXFileReference; lastKnownFileType = sourcecode.swift; path = RecommendationTableViewCell.swift; sourceTree = "<group>"; };
		57C171762B84674A00495720 /* DataExamples.swift */ = {isa = PBXFileReference; lastKnownFileType = sourcecode.swift; path = DataExamples.swift; sourceTree = "<group>"; };
		57C171BA2B86E62100495720 /* NotificationSubscription.swift */ = {isa = PBXFileReference; lastKnownFileType = sourcecode.swift; path = NotificationSubscription.swift; sourceTree = "<group>"; };
		57C171BC2B86E64600495720 /* NotificationPost.swift */ = {isa = PBXFileReference; lastKnownFileType = sourcecode.swift; path = NotificationPost.swift; sourceTree = "<group>"; };
		57C171BE2B86E66400495720 /* NotificationPostViewCell.swift */ = {isa = PBXFileReference; lastKnownFileType = sourcecode.swift; path = NotificationPostViewCell.swift; sourceTree = "<group>"; };
		57C171C02B86E67A00495720 /* NotificationSubscriptionViewCell.swift */ = {isa = PBXFileReference; lastKnownFileType = sourcecode.swift; path = NotificationSubscriptionViewCell.swift; sourceTree = "<group>"; };
		57C171C22B86E6A100495720 /* Extension+String.swift */ = {isa = PBXFileReference; lastKnownFileType = sourcecode.swift; path = "Extension+String.swift"; sourceTree = "<group>"; };
		57C1722B2B874F3D00495720 /* Profile.swift */ = {isa = PBXFileReference; lastKnownFileType = sourcecode.swift; path = Profile.swift; sourceTree = "<group>"; };
/* End PBXFileReference section */

/* Begin PBXFrameworksBuildPhase section */
		573313552B73215B00092647 /* Frameworks */ = {
			isa = PBXFrameworksBuildPhase;
			buildActionMask = 2147483647;
			files = (
			);
			runOnlyForDeploymentPostprocessing = 0;
		};
/* End PBXFrameworksBuildPhase section */

/* Begin PBXGroup section */
		5733134F2B73215B00092647 = {
			isa = PBXGroup;
			children = (
				5733135A2B73215B00092647 /* UIKit-Template */,
				573313592B73215B00092647 /* Products */,
			);
			sourceTree = "<group>";
		};
		573313592B73215B00092647 /* Products */ = {
			isa = PBXGroup;
			children = (
				573313582B73215B00092647 /* UIKit-Template.app */,
			);
			name = Products;
			sourceTree = "<group>";
		};
		5733135A2B73215B00092647 /* UIKit-Template */ = {
			isa = PBXGroup;
			children = (
				5733135B2B73215B00092647 /* AppDelegate.swift */,
				5733135D2B73215B00092647 /* SceneDelegate.swift */,
				57C1715B2B841EC300495720 /* TabBarController.swift */,
				5733135F2B73215B00092647 /* FeedViewController.swift */,
				57C171C42B86E6A800495720 /* Extensions */,
				57C171632B8437CE00495720 /* Models */,
				57C1715D2B841EFD00495720 /* NotificationsViewController.swift */,
				57C1715F2B841F1600495720 /* ProfileViewController.swift */,
				573313612B73215B00092647 /* Main.storyboard */,
				573313642B73215C00092647 /* Assets.xcassets */,
				573313662B73215C00092647 /* LaunchScreen.storyboard */,
				573313692B73215C00092647 /* Info.plist */,
			);
			path = "UIKit-Template";
			sourceTree = "<group>";
		};
		57C171632B8437CE00495720 /* Models */ = {
			isa = PBXGroup;
			children = (
				57C171762B84674A00495720 /* DataExamples.swift */,
				57C1716A2B84392F00495720 /* StoryTableViewCell.swift */,
				57C1716C2B84394700495720 /* PostTableViewCell.swift */,
				57C1716E2B84396100495720 /* RecommendationTableViewCell.swift */,
				57C171682B84385300495720 /* Author.swift */,
				57C171642B8437DB00495720 /* Post.swift */,
				57C171BA2B86E62100495720 /* NotificationSubscription.swift */,
				57C171BC2B86E64600495720 /* NotificationPost.swift */,
				57C171BE2B86E66400495720 /* NotificationPostViewCell.swift */,
				57C171C02B86E67A00495720 /* NotificationSubscriptionViewCell.swift */,
				57C1722B2B874F3D00495720 /* Profile.swift */,
				57C171612B84346300495720 /* Highlight.swift */,
			);
			path = Models;
			sourceTree = "<group>";
		};
		57C171C42B86E6A800495720 /* Extensions */ = {
			isa = PBXGroup;
			children = (
				57C171C22B86E6A100495720 /* Extension+String.swift */,
			);
			path = Extensions;
			sourceTree = "<group>";
		};
/* End PBXGroup section */

/* Begin PBXNativeTarget section */
		573313572B73215B00092647 /* UIKit-Template */ = {
			isa = PBXNativeTarget;
			buildConfigurationList = 5733136C2B73215C00092647 /* Build configuration list for PBXNativeTarget "UIKit-Template" */;
			buildPhases = (
				573313542B73215B00092647 /* Sources */,
				573313552B73215B00092647 /* Frameworks */,
				573313562B73215B00092647 /* Resources */,
				5733136F2B7321A300092647 /* SwiftFormat */,
				573313702B7321AC00092647 /* SwiftLint */,
			);
			buildRules = (
			);
			dependencies = (
			);
			name = "UIKit-Template";
			productName = "UIKit-Template";
			productReference = 573313582B73215B00092647 /* UIKit-Template.app */;
			productType = "com.apple.product-type.application";
		};
/* End PBXNativeTarget section */

/* Begin PBXProject section */
		573313502B73215B00092647 /* Project object */ = {
			isa = PBXProject;
			attributes = {
				BuildIndependentTargetsInParallel = 1;
				LastSwiftUpdateCheck = 1420;
				LastUpgradeCheck = 1420;
				TargetAttributes = {
					573313572B73215B00092647 = {
						CreatedOnToolsVersion = 14.2;
					};
				};
			};
			buildConfigurationList = 573313532B73215B00092647 /* Build configuration list for PBXProject "UIKit-Template" */;
			compatibilityVersion = "Xcode 14.0";
			developmentRegion = en;
			hasScannedForEncodings = 0;
			knownRegions = (
				en,
				Base,
			);
			mainGroup = 5733134F2B73215B00092647;
			productRefGroup = 573313592B73215B00092647 /* Products */;
			projectDirPath = "";
			projectRoot = "";
			targets = (
				573313572B73215B00092647 /* UIKit-Template */,
			);
		};
/* End PBXProject section */

/* Begin PBXResourcesBuildPhase section */
		573313562B73215B00092647 /* Resources */ = {
			isa = PBXResourcesBuildPhase;
			buildActionMask = 2147483647;
			files = (
				573313682B73215C00092647 /* LaunchScreen.storyboard in Resources */,
				573313652B73215C00092647 /* Assets.xcassets in Resources */,
				573313632B73215B00092647 /* Main.storyboard in Resources */,
			);
			runOnlyForDeploymentPostprocessing = 0;
		};
/* End PBXResourcesBuildPhase section */

/* Begin PBXShellScriptBuildPhase section */
		5733136F2B7321A300092647 /* SwiftFormat */ = {
			isa = PBXShellScriptBuildPhase;
			alwaysOutOfDate = 1;
			buildActionMask = 2147483647;
			files = (
			);
			inputFileListPaths = (
			);
			inputPaths = (
			);
			name = SwiftFormat;
			outputFileListPaths = (
			);
			outputPaths = (
			);
			runOnlyForDeploymentPostprocessing = 0;
			shellPath = /bin/sh;
			shellScript = "if which swiftformat >/dev/null; then\n  swiftformat .\nelse\n  echo \"warning: SwiftFormat not installed, download from https://github.com/nicklockwood/SwiftFormat\"\nfi\n";
			showEnvVarsInLog = 0;
		};
		573313702B7321AC00092647 /* SwiftLint */ = {
			isa = PBXShellScriptBuildPhase;
			alwaysOutOfDate = 1;
			buildActionMask = 2147483647;
			files = (
			);
			inputFileListPaths = (
			);
			inputPaths = (
			);
			name = SwiftLint;
			outputFileListPaths = (
			);
			outputPaths = (
			);
			runOnlyForDeploymentPostprocessing = 0;
			shellPath = /bin/sh;
			shellScript = "if [[ \"$(uname -m)\" == arm64 ]]; then\n    export PATH=\"/opt/homebrew/bin:$PATH\"\nfi\n\nif which swiftlint > /dev/null; then\n  swiftlint\nelse\n  echo \"warning: SwiftLint not installed, download from https://github.com/realm/SwiftLint\"\nfi\n";
			showEnvVarsInLog = 0;
		};
/* End PBXShellScriptBuildPhase section */

/* Begin PBXSourcesBuildPhase section */
		573313542B73215B00092647 /* Sources */ = {
			isa = PBXSourcesBuildPhase;
			buildActionMask = 2147483647;
			files = (
				57C171772B84674A00495720 /* DataExamples.swift in Sources */,
				57C171BF2B86E66400495720 /* NotificationPostViewCell.swift in Sources */,
				57C1716F2B84396100495720 /* RecommendationTableViewCell.swift in Sources */,
				57C171622B84346300495720 /* Highlight.swift in Sources */,
				57C171BB2B86E62100495720 /* NotificationSubscription.swift in Sources */,
				57C171602B841F1600495720 /* ProfileViewController.swift in Sources */,
				57C171BD2B86E64600495720 /* NotificationPost.swift in Sources */,
				57C1716B2B84392F00495720 /* StoryTableViewCell.swift in Sources */,
				57C1715E2B841EFD00495720 /* NotificationsViewController.swift in Sources */,
				57C171692B84385300495720 /* Author.swift in Sources */,
				57C171652B8437DB00495720 /* Post.swift in Sources */,
				57C171C12B86E67A00495720 /* NotificationSubscriptionViewCell.swift in Sources */,
				573313602B73215B00092647 /* FeedViewController.swift in Sources */,
				57C1715C2B841EC300495720 /* TabBarController.swift in Sources */,
				57C171C32B86E6A100495720 /* Extension+String.swift in Sources */,
				5733135C2B73215B00092647 /* AppDelegate.swift in Sources */,
				57C1722C2B874F3D00495720 /* Profile.swift in Sources */,
				5733135E2B73215B00092647 /* SceneDelegate.swift in Sources */,
				57C1716D2B84394700495720 /* PostTableViewCell.swift in Sources */,
			);
			runOnlyForDeploymentPostprocessing = 0;
		};
/* End PBXSourcesBuildPhase section */

/* Begin PBXVariantGroup section */
		573313612B73215B00092647 /* Main.storyboard */ = {
			isa = PBXVariantGroup;
			children = (
				573313622B73215B00092647 /* Base */,
			);
			name = Main.storyboard;
			sourceTree = "<group>";
		};
		573313662B73215C00092647 /* LaunchScreen.storyboard */ = {
			isa = PBXVariantGroup;
			children = (
				573313672B73215C00092647 /* Base */,
			);
			name = LaunchScreen.storyboard;
			sourceTree = "<group>";
		};
/* End PBXVariantGroup section */

/* Begin XCBuildConfiguration section */
		5733136A2B73215C00092647 /* Debug */ = {
			isa = XCBuildConfiguration;
			buildSettings = {
				ALWAYS_SEARCH_USER_PATHS = NO;
				CLANG_ANALYZER_NONNULL = YES;
				CLANG_ANALYZER_NUMBER_OBJECT_CONVERSION = YES_AGGRESSIVE;
				CLANG_CXX_LANGUAGE_STANDARD = "gnu++20";
				CLANG_ENABLE_MODULES = YES;
				CLANG_ENABLE_OBJC_ARC = YES;
				CLANG_ENABLE_OBJC_WEAK = YES;
				CLANG_WARN_BLOCK_CAPTURE_AUTORELEASING = YES;
				CLANG_WARN_BOOL_CONVERSION = YES;
				CLANG_WARN_COMMA = YES;
				CLANG_WARN_CONSTANT_CONVERSION = YES;
				CLANG_WARN_DEPRECATED_OBJC_IMPLEMENTATIONS = YES;
				CLANG_WARN_DIRECT_OBJC_ISA_USAGE = YES_ERROR;
				CLANG_WARN_DOCUMENTATION_COMMENTS = YES;
				CLANG_WARN_EMPTY_BODY = YES;
				CLANG_WARN_ENUM_CONVERSION = YES;
				CLANG_WARN_INFINITE_RECURSION = YES;
				CLANG_WARN_INT_CONVERSION = YES;
				CLANG_WARN_NON_LITERAL_NULL_CONVERSION = YES;
				CLANG_WARN_OBJC_IMPLICIT_RETAIN_SELF = YES;
				CLANG_WARN_OBJC_LITERAL_CONVERSION = YES;
				CLANG_WARN_OBJC_ROOT_CLASS = YES_ERROR;
				CLANG_WARN_QUOTED_INCLUDE_IN_FRAMEWORK_HEADER = YES;
				CLANG_WARN_RANGE_LOOP_ANALYSIS = YES;
				CLANG_WARN_STRICT_PROTOTYPES = YES;
				CLANG_WARN_SUSPICIOUS_MOVE = YES;
				CLANG_WARN_UNGUARDED_AVAILABILITY = YES_AGGRESSIVE;
				CLANG_WARN_UNREACHABLE_CODE = YES;
				CLANG_WARN__DUPLICATE_METHOD_MATCH = YES;
				COPY_PHASE_STRIP = NO;
				DEBUG_INFORMATION_FORMAT = dwarf;
				ENABLE_STRICT_OBJC_MSGSEND = YES;
				ENABLE_TESTABILITY = YES;
				GCC_C_LANGUAGE_STANDARD = gnu11;
				GCC_DYNAMIC_NO_PIC = NO;
				GCC_NO_COMMON_BLOCKS = YES;
				GCC_OPTIMIZATION_LEVEL = 0;
				GCC_PREPROCESSOR_DEFINITIONS = (
					"DEBUG=1",
					"$(inherited)",
				);
				GCC_WARN_64_TO_32_BIT_CONVERSION = YES;
				GCC_WARN_ABOUT_RETURN_TYPE = YES_ERROR;
				GCC_WARN_UNDECLARED_SELECTOR = YES;
				GCC_WARN_UNINITIALIZED_AUTOS = YES_AGGRESSIVE;
				GCC_WARN_UNUSED_FUNCTION = YES;
				GCC_WARN_UNUSED_VARIABLE = YES;
				IPHONEOS_DEPLOYMENT_TARGET = 16.2;
				MTL_ENABLE_DEBUG_INFO = INCLUDE_SOURCE;
				MTL_FAST_MATH = YES;
				ONLY_ACTIVE_ARCH = YES;
				SDKROOT = iphoneos;
				SWIFT_ACTIVE_COMPILATION_CONDITIONS = DEBUG;
				SWIFT_OPTIMIZATION_LEVEL = "-Onone";
			};
			name = Debug;
		};
		5733136B2B73215C00092647 /* Release */ = {
			isa = XCBuildConfiguration;
			buildSettings = {
				ALWAYS_SEARCH_USER_PATHS = NO;
				CLANG_ANALYZER_NONNULL = YES;
				CLANG_ANALYZER_NUMBER_OBJECT_CONVERSION = YES_AGGRESSIVE;
				CLANG_CXX_LANGUAGE_STANDARD = "gnu++20";
				CLANG_ENABLE_MODULES = YES;
				CLANG_ENABLE_OBJC_ARC = YES;
				CLANG_ENABLE_OBJC_WEAK = YES;
				CLANG_WARN_BLOCK_CAPTURE_AUTORELEASING = YES;
				CLANG_WARN_BOOL_CONVERSION = YES;
				CLANG_WARN_COMMA = YES;
				CLANG_WARN_CONSTANT_CONVERSION = YES;
				CLANG_WARN_DEPRECATED_OBJC_IMPLEMENTATIONS = YES;
				CLANG_WARN_DIRECT_OBJC_ISA_USAGE = YES_ERROR;
				CLANG_WARN_DOCUMENTATION_COMMENTS = YES;
				CLANG_WARN_EMPTY_BODY = YES;
				CLANG_WARN_ENUM_CONVERSION = YES;
				CLANG_WARN_INFINITE_RECURSION = YES;
				CLANG_WARN_INT_CONVERSION = YES;
				CLANG_WARN_NON_LITERAL_NULL_CONVERSION = YES;
				CLANG_WARN_OBJC_IMPLICIT_RETAIN_SELF = YES;
				CLANG_WARN_OBJC_LITERAL_CONVERSION = YES;
				CLANG_WARN_OBJC_ROOT_CLASS = YES_ERROR;
				CLANG_WARN_QUOTED_INCLUDE_IN_FRAMEWORK_HEADER = YES;
				CLANG_WARN_RANGE_LOOP_ANALYSIS = YES;
				CLANG_WARN_STRICT_PROTOTYPES = YES;
				CLANG_WARN_SUSPICIOUS_MOVE = YES;
				CLANG_WARN_UNGUARDED_AVAILABILITY = YES_AGGRESSIVE;
				CLANG_WARN_UNREACHABLE_CODE = YES;
				CLANG_WARN__DUPLICATE_METHOD_MATCH = YES;
				COPY_PHASE_STRIP = NO;
				DEBUG_INFORMATION_FORMAT = "dwarf-with-dsym";
				ENABLE_NS_ASSERTIONS = NO;
				ENABLE_STRICT_OBJC_MSGSEND = YES;
				GCC_C_LANGUAGE_STANDARD = gnu11;
				GCC_NO_COMMON_BLOCKS = YES;
				GCC_WARN_64_TO_32_BIT_CONVERSION = YES;
				GCC_WARN_ABOUT_RETURN_TYPE = YES_ERROR;
				GCC_WARN_UNDECLARED_SELECTOR = YES;
				GCC_WARN_UNINITIALIZED_AUTOS = YES_AGGRESSIVE;
				GCC_WARN_UNUSED_FUNCTION = YES;
				GCC_WARN_UNUSED_VARIABLE = YES;
				IPHONEOS_DEPLOYMENT_TARGET = 16.2;
				MTL_ENABLE_DEBUG_INFO = NO;
				MTL_FAST_MATH = YES;
				SDKROOT = iphoneos;
				SWIFT_COMPILATION_MODE = wholemodule;
				SWIFT_OPTIMIZATION_LEVEL = "-O";
				VALIDATE_PRODUCT = YES;
			};
			name = Release;
		};
		5733136D2B73215C00092647 /* Debug */ = {
			isa = XCBuildConfiguration;
			buildSettings = {
				ASSETCATALOG_COMPILER_APPICON_NAME = AppIcon;
				ASSETCATALOG_COMPILER_GENERATE_SWIFT_ASSET_SYMBOL_EXTENSIONS = YES;
				ASSETCATALOG_COMPILER_GLOBAL_ACCENT_COLOR_NAME = AccentColor;
				CODE_SIGN_STYLE = Automatic;
				CURRENT_PROJECT_VERSION = 1;
				DEVELOPMENT_TEAM = YZT8MU55TB;
				GENERATE_INFOPLIST_FILE = YES;
				INFOPLIST_FILE = "UIKit-Template/Info.plist";
				INFOPLIST_KEY_UIApplicationSupportsIndirectInputEvents = YES;
				INFOPLIST_KEY_UILaunchStoryboardName = LaunchScreen;
				INFOPLIST_KEY_UIMainStoryboardFile = Main;
				INFOPLIST_KEY_UISupportedInterfaceOrientations_iPad = "UIInterfaceOrientationPortrait UIInterfaceOrientationPortraitUpsideDown UIInterfaceOrientationLandscapeLeft UIInterfaceOrientationLandscapeRight";
				INFOPLIST_KEY_UISupportedInterfaceOrientations_iPhone = "UIInterfaceOrientationPortrait UIInterfaceOrientationLandscapeLeft UIInterfaceOrientationLandscapeRight";
				LD_RUNPATH_SEARCH_PATHS = (
					"$(inherited)",
					"@executable_path/Frameworks",
				);
				MARKETING_VERSION = 1.0;
				PRODUCT_BUNDLE_IDENTIFIER = "ru.vifinance.UIKit-Template";
				PRODUCT_NAME = "$(TARGET_NAME)";
				SWIFT_EMIT_LOC_STRINGS = YES;
				SWIFT_VERSION = 5.0;
				TARGETED_DEVICE_FAMILY = "1,2";
			};
			name = Debug;
		};
		5733136E2B73215C00092647 /* Release */ = {
			isa = XCBuildConfiguration;
			buildSettings = {
				ASSETCATALOG_COMPILER_APPICON_NAME = AppIcon;
				ASSETCATALOG_COMPILER_GENERATE_SWIFT_ASSET_SYMBOL_EXTENSIONS = YES;
				ASSETCATALOG_COMPILER_GLOBAL_ACCENT_COLOR_NAME = AccentColor;
				CODE_SIGN_STYLE = Automatic;
				CURRENT_PROJECT_VERSION = 1;
				DEVELOPMENT_TEAM = YZT8MU55TB;
				GENERATE_INFOPLIST_FILE = YES;
				INFOPLIST_FILE = "UIKit-Template/Info.plist";
				INFOPLIST_KEY_UIApplicationSupportsIndirectInputEvents = YES;
				INFOPLIST_KEY_UILaunchStoryboardName = LaunchScreen;
				INFOPLIST_KEY_UIMainStoryboardFile = Main;
				INFOPLIST_KEY_UISupportedInterfaceOrientations_iPad = "UIInterfaceOrientationPortrait UIInterfaceOrientationPortraitUpsideDown UIInterfaceOrientationLandscapeLeft UIInterfaceOrientationLandscapeRight";
				INFOPLIST_KEY_UISupportedInterfaceOrientations_iPhone = "UIInterfaceOrientationPortrait UIInterfaceOrientationLandscapeLeft UIInterfaceOrientationLandscapeRight";
				LD_RUNPATH_SEARCH_PATHS = (
					"$(inherited)",
					"@executable_path/Frameworks",
				);
				MARKETING_VERSION = 1.0;
				PRODUCT_BUNDLE_IDENTIFIER = "ru.vifinance.UIKit-Template";
				PRODUCT_NAME = "$(TARGET_NAME)";
				SWIFT_EMIT_LOC_STRINGS = YES;
				SWIFT_VERSION = 5.0;
				TARGETED_DEVICE_FAMILY = "1,2";
			};
			name = Release;
		};
/* End XCBuildConfiguration section */

/* Begin XCConfigurationList section */
		573313532B73215B00092647 /* Build configuration list for PBXProject "UIKit-Template" */ = {
			isa = XCConfigurationList;
			buildConfigurations = (
				5733136A2B73215C00092647 /* Debug */,
				5733136B2B73215C00092647 /* Release */,
			);
			defaultConfigurationIsVisible = 0;
			defaultConfigurationName = Release;
		};
		5733136C2B73215C00092647 /* Build configuration list for PBXNativeTarget "UIKit-Template" */ = {
			isa = XCConfigurationList;
			buildConfigurations = (
				5733136D2B73215C00092647 /* Debug */,
				5733136E2B73215C00092647 /* Release */,
			);
			defaultConfigurationIsVisible = 0;
			defaultConfigurationName = Release;
		};
/* End XCConfigurationList section */
	};
	rootObject = 573313502B73215B00092647 /* Project object */;
}
